// !$*UTF8*$!
{
	archiveVersion = 1;
	classes = {
	};
	objectVersion = 48;
	objects = {

/* Begin PBXBuildFile section */
		2B3F06A51F4AC100002ADE4B /* StringExtension.swift in Sources */ = {isa = PBXBuildFile; fileRef = 2B3F06A41F4AC100002ADE4B /* StringExtension.swift */; };
		2B3F06A81F4AC15A002ADE4B /* StringViewController.swift in Sources */ = {isa = PBXBuildFile; fileRef = 2B3F06A61F4AC15A002ADE4B /* StringViewController.swift */; };
		2B3F06A91F4AC15A002ADE4B /* StringViewController.xib in Resources */ = {isa = PBXBuildFile; fileRef = 2B3F06A71F4AC15A002ADE4B /* StringViewController.xib */; };
		2B3F06AB1F4BB756002ADE4B /* Utils.swift in Sources */ = {isa = PBXBuildFile; fileRef = 2B3F06AA1F4BB756002ADE4B /* Utils.swift */; };
		2B3F06AD1F4BB8F0002ADE4B /* NumberExtension.swift in Sources */ = {isa = PBXBuildFile; fileRef = 2B3F06AC1F4BB8F0002ADE4B /* NumberExtension.swift */; };
		2B3F06AF1F4BC047002ADE4B /* DateExtension.swift in Sources */ = {isa = PBXBuildFile; fileRef = 2B3F06AE1F4BC047002ADE4B /* DateExtension.swift */; };
		2B80AFF51F4D471100E44D69 /* UIButtonExtension.swift in Sources */ = {isa = PBXBuildFile; fileRef = 2B80AFF41F4D471100E44D69 /* UIButtonExtension.swift */; };
		2B80AFF81F4D4F3A00E44D69 /* ButtonViewController.swift in Sources */ = {isa = PBXBuildFile; fileRef = 2B80AFF61F4D4F3A00E44D69 /* ButtonViewController.swift */; };
		2B80AFF91F4D4F3A00E44D69 /* ButtonViewController.xib in Resources */ = {isa = PBXBuildFile; fileRef = 2B80AFF71F4D4F3A00E44D69 /* ButtonViewController.xib */; };
		2B80AFFB1F4D5DEE00E44D69 /* UIImageExtension.swift in Sources */ = {isa = PBXBuildFile; fileRef = 2B80AFFA1F4D5DEE00E44D69 /* UIImageExtension.swift */; };
		2BF6B0E61F4A64D40065D3CF /* ViewController.swift in Sources */ = {isa = PBXBuildFile; fileRef = 2BF6B0DB1F4A64D30065D3CF /* ViewController.swift */; };
		2BF6B0E71F4A64D40065D3CF /* Assets.xcassets in Resources */ = {isa = PBXBuildFile; fileRef = 2BF6B0DD1F4A64D30065D3CF /* Assets.xcassets */; };
		2BF6B0E81F4A64D40065D3CF /* LaunchScreen.storyboard in Resources */ = {isa = PBXBuildFile; fileRef = 2BF6B0DE1F4A64D30065D3CF /* LaunchScreen.storyboard */; };
		2BF6B0EA1F4A64D40065D3CF /* AppDelegate.swift in Sources */ = {isa = PBXBuildFile; fileRef = 2BF6B0E31F4A64D30065D3CF /* AppDelegate.swift */; };
		2BF6B0EB1F4A64D40065D3CF /* Info.plist in Resources */ = {isa = PBXBuildFile; fileRef = 2BF6B0E41F4A64D30065D3CF /* Info.plist */; };
		2BF6B0ED1F4A650B0065D3CF /* EmptyView.swift in Sources */ = {isa = PBXBuildFile; fileRef = 2BF6B0EC1F4A650B0065D3CF /* EmptyView.swift */; };
		2BF6B0F21F4A6DF20065D3CF /* BorderViewController.swift in Sources */ = {isa = PBXBuildFile; fileRef = 2BF6B0F01F4A6DF20065D3CF /* BorderViewController.swift */; };
		2BF6B0F31F4A6DF20065D3CF /* BorderViewController.xib in Resources */ = {isa = PBXBuildFile; fileRef = 2BF6B0F11F4A6DF20065D3CF /* BorderViewController.xib */; };
		2BF6B0F61F4A70E70065D3CF /* UIViewExtension.swift in Sources */ = {isa = PBXBuildFile; fileRef = 2BF6B0F51F4A70E70065D3CF /* UIViewExtension.swift */; };
/* End PBXBuildFile section */

/* Begin PBXFileReference section */
		2B3F06A41F4AC100002ADE4B /* StringExtension.swift */ = {isa = PBXFileReference; lastKnownFileType = sourcecode.swift; path = StringExtension.swift; sourceTree = "<group>"; };
		2B3F06A61F4AC15A002ADE4B /* StringViewController.swift */ = {isa = PBXFileReference; lastKnownFileType = sourcecode.swift; path = StringViewController.swift; sourceTree = "<group>"; };
		2B3F06A71F4AC15A002ADE4B /* StringViewController.xib */ = {isa = PBXFileReference; lastKnownFileType = file.xib; path = StringViewController.xib; sourceTree = "<group>"; };
		2B3F06AA1F4BB756002ADE4B /* Utils.swift */ = {isa = PBXFileReference; lastKnownFileType = sourcecode.swift; path = Utils.swift; sourceTree = "<group>"; };
		2B3F06AC1F4BB8F0002ADE4B /* NumberExtension.swift */ = {isa = PBXFileReference; lastKnownFileType = sourcecode.swift; path = NumberExtension.swift; sourceTree = "<group>"; };
		2B3F06AE1F4BC047002ADE4B /* DateExtension.swift */ = {isa = PBXFileReference; lastKnownFileType = sourcecode.swift; path = DateExtension.swift; sourceTree = "<group>"; };
		2B80AFF41F4D471100E44D69 /* UIButtonExtension.swift */ = {isa = PBXFileReference; lastKnownFileType = sourcecode.swift; path = UIButtonExtension.swift; sourceTree = "<group>"; };
		2B80AFF61F4D4F3A00E44D69 /* ButtonViewController.swift */ = {isa = PBXFileReference; lastKnownFileType = sourcecode.swift; path = ButtonViewController.swift; sourceTree = "<group>"; };
		2B80AFF71F4D4F3A00E44D69 /* ButtonViewController.xib */ = {isa = PBXFileReference; lastKnownFileType = file.xib; path = ButtonViewController.xib; sourceTree = "<group>"; };
		2B80AFFA1F4D5DEE00E44D69 /* UIImageExtension.swift */ = {isa = PBXFileReference; lastKnownFileType = sourcecode.swift; path = UIImageExtension.swift; sourceTree = "<group>"; };
		2BF6B0C51F4A62F30065D3CF /* extensions.app */ = {isa = PBXFileReference; explicitFileType = wrapper.application; includeInIndex = 0; path = extensions.app; sourceTree = BUILT_PRODUCTS_DIR; };
		2BF6B0DB1F4A64D30065D3CF /* ViewController.swift */ = {isa = PBXFileReference; fileEncoding = 4; lastKnownFileType = sourcecode.swift; path = ViewController.swift; sourceTree = "<group>"; };
		2BF6B0DD1F4A64D30065D3CF /* Assets.xcassets */ = {isa = PBXFileReference; lastKnownFileType = folder.assetcatalog; path = Assets.xcassets; sourceTree = "<group>"; };
		2BF6B0DF1F4A64D30065D3CF /* Base */ = {isa = PBXFileReference; lastKnownFileType = file.storyboard; name = Base; path = Base.lproj/LaunchScreen.storyboard; sourceTree = "<group>"; };
		2BF6B0E31F4A64D30065D3CF /* AppDelegate.swift */ = {isa = PBXFileReference; fileEncoding = 4; lastKnownFileType = sourcecode.swift; path = AppDelegate.swift; sourceTree = "<group>"; };
		2BF6B0E41F4A64D30065D3CF /* Info.plist */ = {isa = PBXFileReference; fileEncoding = 4; lastKnownFileType = text.plist.xml; path = Info.plist; sourceTree = "<group>"; };
		2BF6B0EC1F4A650B0065D3CF /* EmptyView.swift */ = {isa = PBXFileReference; lastKnownFileType = sourcecode.swift; path = EmptyView.swift; sourceTree = "<group>"; };
		2BF6B0F01F4A6DF20065D3CF /* BorderViewController.swift */ = {isa = PBXFileReference; lastKnownFileType = sourcecode.swift; path = BorderViewController.swift; sourceTree = "<group>"; };
		2BF6B0F11F4A6DF20065D3CF /* BorderViewController.xib */ = {isa = PBXFileReference; lastKnownFileType = file.xib; path = BorderViewController.xib; sourceTree = "<group>"; };
		2BF6B0F51F4A70E70065D3CF /* UIViewExtension.swift */ = {isa = PBXFileReference; lastKnownFileType = sourcecode.swift; path = UIViewExtension.swift; sourceTree = "<group>"; };
/* End PBXFileReference section */

/* Begin PBXFrameworksBuildPhase section */
		2BF6B0C21F4A62F30065D3CF /* Frameworks */ = {
			isa = PBXFrameworksBuildPhase;
			buildActionMask = 2147483647;
			files = (
			);
			runOnlyForDeploymentPostprocessing = 0;
		};
/* End PBXFrameworksBuildPhase section */

/* Begin PBXGroup section */
		2BF6B0BC1F4A62F30065D3CF = {
			isa = PBXGroup;
			children = (
				2BF6B0C71F4A62F30065D3CF /* extensions */,
				2BF6B0C61F4A62F30065D3CF /* Products */,
			);
			sourceTree = "<group>";
		};
		2BF6B0C61F4A62F30065D3CF /* Products */ = {
			isa = PBXGroup;
			children = (
				2BF6B0C51F4A62F30065D3CF /* extensions.app */,
			);
			name = Products;
			sourceTree = "<group>";
		};
		2BF6B0C71F4A62F30065D3CF /* extensions */ = {
			isa = PBXGroup;
			children = (
				2BF6B0E21F4A64D30065D3CF /* Application */,
				2BF6B0DA1F4A64D30065D3CF /* Controllers */,
				2BF6B0F41F4A70850065D3CF /* Extensions */,
				2BF6B0DC1F4A64D30065D3CF /* Resources */,
				2BF6B0E51F4A64D30065D3CF /* Views */,
			);
			path = extensions;
			sourceTree = "<group>";
		};
		2BF6B0DA1F4A64D30065D3CF /* Controllers */ = {
			isa = PBXGroup;
			children = (
				2BF6B0DB1F4A64D30065D3CF /* ViewController.swift */,
				2BF6B0F01F4A6DF20065D3CF /* BorderViewController.swift */,
				2BF6B0F11F4A6DF20065D3CF /* BorderViewController.xib */,
				2B3F06A61F4AC15A002ADE4B /* StringViewController.swift */,
				2B3F06A71F4AC15A002ADE4B /* StringViewController.xib */,
				2B80AFF61F4D4F3A00E44D69 /* ButtonViewController.swift */,
				2B80AFF71F4D4F3A00E44D69 /* ButtonViewController.xib */,
			);
			path = Controllers;
			sourceTree = "<group>";
		};
		2BF6B0DC1F4A64D30065D3CF /* Resources */ = {
			isa = PBXGroup;
			children = (
				2BF6B0DD1F4A64D30065D3CF /* Assets.xcassets */,
				2BF6B0DE1F4A64D30065D3CF /* LaunchScreen.storyboard */,
			);
			path = Resources;
			sourceTree = "<group>";
		};
		2BF6B0E21F4A64D30065D3CF /* Application */ = {
			isa = PBXGroup;
			children = (
				2BF6B0E31F4A64D30065D3CF /* AppDelegate.swift */,
				2BF6B0E41F4A64D30065D3CF /* Info.plist */,
				2B3F06AA1F4BB756002ADE4B /* Utils.swift */,
			);
			path = Application;
			sourceTree = "<group>";
		};
		2BF6B0E51F4A64D30065D3CF /* Views */ = {
			isa = PBXGroup;
			children = (
				2BF6B0EC1F4A650B0065D3CF /* EmptyView.swift */,
			);
			path = Views;
			sourceTree = "<group>";
		};
		2BF6B0F41F4A70850065D3CF /* Extensions */ = {
			isa = PBXGroup;
			children = (
				2BF6B0F51F4A70E70065D3CF /* UIViewExtension.swift */,
				2B3F06A41F4AC100002ADE4B /* StringExtension.swift */,
				2B3F06AC1F4BB8F0002ADE4B /* NumberExtension.swift */,
				2B3F06AE1F4BC047002ADE4B /* DateExtension.swift */,
				2B80AFF41F4D471100E44D69 /* UIButtonExtension.swift */,
				2B80AFFA1F4D5DEE00E44D69 /* UIImageExtension.swift */,
			);
			path = Extensions;
			sourceTree = "<group>";
		};
/* End PBXGroup section */

/* Begin PBXNativeTarget section */
		2BF6B0C41F4A62F30065D3CF /* extensions */ = {
			isa = PBXNativeTarget;
			buildConfigurationList = 2BF6B0D71F4A62F30065D3CF /* Build configuration list for PBXNativeTarget "extensions" */;
			buildPhases = (
				2BF6B0C11F4A62F30065D3CF /* Sources */,
				2BF6B0C21F4A62F30065D3CF /* Frameworks */,
				2BF6B0C31F4A62F30065D3CF /* Resources */,
			);
			buildRules = (
			);
			dependencies = (
			);
			name = extensions;
			productName = extensions;
			productReference = 2BF6B0C51F4A62F30065D3CF /* extensions.app */;
			productType = "com.apple.product-type.application";
		};
/* End PBXNativeTarget section */

/* Begin PBXProject section */
		2BF6B0BD1F4A62F30065D3CF /* Project object */ = {
			isa = PBXProject;
			attributes = {
				LastSwiftUpdateCheck = 0900;
				LastUpgradeCheck = 0900;
				ORGANIZATIONNAME = Wesley;
				TargetAttributes = {
					2BF6B0C41F4A62F30065D3CF = {
						CreatedOnToolsVersion = 9.0;
					};
				};
			};
			buildConfigurationList = 2BF6B0C01F4A62F30065D3CF /* Build configuration list for PBXProject "extensions" */;
			compatibilityVersion = "Xcode 8.0";
			developmentRegion = en;
			hasScannedForEncodings = 0;
			knownRegions = (
				en,
				Base,
			);
			mainGroup = 2BF6B0BC1F4A62F30065D3CF;
			productRefGroup = 2BF6B0C61F4A62F30065D3CF /* Products */;
			projectDirPath = "";
			projectRoot = "";
			targets = (
				2BF6B0C41F4A62F30065D3CF /* extensions */,
			);
		};
/* End PBXProject section */

/* Begin PBXResourcesBuildPhase section */
		2BF6B0C31F4A62F30065D3CF /* Resources */ = {
			isa = PBXResourcesBuildPhase;
			buildActionMask = 2147483647;
			files = (
				2B80AFF91F4D4F3A00E44D69 /* ButtonViewController.xib in Resources */,
				2BF6B0E71F4A64D40065D3CF /* Assets.xcassets in Resources */,
				2B3F06A91F4AC15A002ADE4B /* StringViewController.xib in Resources */,
				2BF6B0E81F4A64D40065D3CF /* LaunchScreen.storyboard in Resources */,
				2BF6B0F31F4A6DF20065D3CF /* BorderViewController.xib in Resources */,
				2BF6B0EB1F4A64D40065D3CF /* Info.plist in Resources */,
			);
			runOnlyForDeploymentPostprocessing = 0;
		};
/* End PBXResourcesBuildPhase section */

/* Begin PBXSourcesBuildPhase section */
		2BF6B0C11F4A62F30065D3CF /* Sources */ = {
			isa = PBXSourcesBuildPhase;
			buildActionMask = 2147483647;
			files = (
				2BF6B0F61F4A70E70065D3CF /* UIViewExtension.swift in Sources */,
				2B80AFF51F4D471100E44D69 /* UIButtonExtension.swift in Sources */,
				2BF6B0EA1F4A64D40065D3CF /* AppDelegate.swift in Sources */,
				2B3F06A51F4AC100002ADE4B /* StringExtension.swift in Sources */,
				2B80AFF81F4D4F3A00E44D69 /* ButtonViewController.swift in Sources */,
				2B3F06A81F4AC15A002ADE4B /* StringViewController.swift in Sources */,
				2BF6B0ED1F4A650B0065D3CF /* EmptyView.swift in Sources */,
				2BF6B0F21F4A6DF20065D3CF /* BorderViewController.swift in Sources */,
				2B3F06AF1F4BC047002ADE4B /* DateExtension.swift in Sources */,
				2B80AFFB1F4D5DEE00E44D69 /* UIImageExtension.swift in Sources */,
				2BF6B0E61F4A64D40065D3CF /* ViewController.swift in Sources */,
				2B3F06AB1F4BB756002ADE4B /* Utils.swift in Sources */,
				2B3F06AD1F4BB8F0002ADE4B /* NumberExtension.swift in Sources */,
			);
			runOnlyForDeploymentPostprocessing = 0;
		};
/* End PBXSourcesBuildPhase section */

/* Begin PBXVariantGroup section */
		2BF6B0DE1F4A64D30065D3CF /* LaunchScreen.storyboard */ = {
			isa = PBXVariantGroup;
			children = (
				2BF6B0DF1F4A64D30065D3CF /* Base */,
			);
			name = LaunchScreen.storyboard;
			sourceTree = "<group>";
		};
/* End PBXVariantGroup section */

/* Begin XCBuildConfiguration section */
		2BF6B0D51F4A62F30065D3CF /* Debug */ = {
			isa = XCBuildConfiguration;
			buildSettings = {
				ALWAYS_SEARCH_USER_PATHS = NO;
				CLANG_ANALYZER_NONNULL = YES;
				CLANG_ANALYZER_NUMBER_OBJECT_CONVERSION = YES_AGGRESSIVE;
				CLANG_CXX_LANGUAGE_STANDARD = "gnu++14";
				CLANG_CXX_LIBRARY = "libc++";
				CLANG_ENABLE_MODULES = YES;
				CLANG_ENABLE_OBJC_ARC = YES;
				CLANG_WARN_BLOCK_CAPTURE_AUTORELEASING = YES;
				CLANG_WARN_BOOL_CONVERSION = YES;
				CLANG_WARN_COMMA = YES;
				CLANG_WARN_CONSTANT_CONVERSION = YES;
				CLANG_WARN_DIRECT_OBJC_ISA_USAGE = YES_ERROR;
				CLANG_WARN_DOCUMENTATION_COMMENTS = YES;
				CLANG_WARN_EMPTY_BODY = YES;
				CLANG_WARN_ENUM_CONVERSION = YES;
				CLANG_WARN_INFINITE_RECURSION = YES;
				CLANG_WARN_INT_CONVERSION = YES;
				CLANG_WARN_NON_LITERAL_NULL_CONVERSION = YES;
				CLANG_WARN_OBJC_LITERAL_CONVERSION = YES;
				CLANG_WARN_OBJC_ROOT_CLASS = YES_ERROR;
				CLANG_WARN_RANGE_LOOP_ANALYSIS = YES;
				CLANG_WARN_STRICT_PROTOTYPES = YES;
				CLANG_WARN_SUSPICIOUS_MOVE = YES;
				CLANG_WARN_UNGUARDED_AVAILABILITY = YES_AGGRESSIVE;
				CLANG_WARN_UNREACHABLE_CODE = YES;
				CLANG_WARN__DUPLICATE_METHOD_MATCH = YES;
				CODE_SIGN_IDENTITY = "iPhone Developer";
				COPY_PHASE_STRIP = NO;
				DEBUG_INFORMATION_FORMAT = dwarf;
				ENABLE_STRICT_OBJC_MSGSEND = YES;
				ENABLE_TESTABILITY = YES;
				GCC_C_LANGUAGE_STANDARD = gnu11;
				GCC_DYNAMIC_NO_PIC = NO;
				GCC_NO_COMMON_BLOCKS = YES;
				GCC_OPTIMIZATION_LEVEL = 0;
				GCC_PREPROCESSOR_DEFINITIONS = (
					"DEBUG=1",
					"$(inherited)",
				);
				GCC_WARN_64_TO_32_BIT_CONVERSION = YES;
				GCC_WARN_ABOUT_RETURN_TYPE = YES_ERROR;
				GCC_WARN_UNDECLARED_SELECTOR = YES;
				GCC_WARN_UNINITIALIZED_AUTOS = YES_AGGRESSIVE;
				GCC_WARN_UNUSED_FUNCTION = YES;
				GCC_WARN_UNUSED_VARIABLE = YES;
				IPHONEOS_DEPLOYMENT_TARGET = 11.0;
				MTL_ENABLE_DEBUG_INFO = YES;
				ONLY_ACTIVE_ARCH = YES;
				SDKROOT = iphoneos;
				SWIFT_ACTIVE_COMPILATION_CONDITIONS = DEBUG;
				SWIFT_OPTIMIZATION_LEVEL = "-Onone";
			};
			name = Debug;
		};
		2BF6B0D61F4A62F30065D3CF /* Release */ = {
			isa = XCBuildConfiguration;
			buildSettings = {
				ALWAYS_SEARCH_USER_PATHS = NO;
				CLANG_ANALYZER_NONNULL = YES;
				CLANG_ANALYZER_NUMBER_OBJECT_CONVERSION = YES_AGGRESSIVE;
				CLANG_CXX_LANGUAGE_STANDARD = "gnu++14";
				CLANG_CXX_LIBRARY = "libc++";
				CLANG_ENABLE_MODULES = YES;
				CLANG_ENABLE_OBJC_ARC = YES;
				CLANG_WARN_BLOCK_CAPTURE_AUTORELEASING = YES;
				CLANG_WARN_BOOL_CONVERSION = YES;
				CLANG_WARN_COMMA = YES;
				CLANG_WARN_CONSTANT_CONVERSION = YES;
				CLANG_WARN_DIRECT_OBJC_ISA_USAGE = YES_ERROR;
				CLANG_WARN_DOCUMENTATION_COMMENTS = YES;
				CLANG_WARN_EMPTY_BODY = YES;
				CLANG_WARN_ENUM_CONVERSION = YES;
				CLANG_WARN_INFINITE_RECURSION = YES;
				CLANG_WARN_INT_CONVERSION = YES;
				CLANG_WARN_NON_LITERAL_NULL_CONVERSION = YES;
				CLANG_WARN_OBJC_LITERAL_CONVERSION = YES;
				CLANG_WARN_OBJC_ROOT_CLASS = YES_ERROR;
				CLANG_WARN_RANGE_LOOP_ANALYSIS = YES;
				CLANG_WARN_STRICT_PROTOTYPES = YES;
				CLANG_WARN_SUSPICIOUS_MOVE = YES;
				CLANG_WARN_UNGUARDED_AVAILABILITY = YES_AGGRESSIVE;
				CLANG_WARN_UNREACHABLE_CODE = YES;
				CLANG_WARN__DUPLICATE_METHOD_MATCH = YES;
				CODE_SIGN_IDENTITY = "iPhone Developer";
				COPY_PHASE_STRIP = NO;
				DEBUG_INFORMATION_FORMAT = "dwarf-with-dsym";
				ENABLE_NS_ASSERTIONS = NO;
				ENABLE_STRICT_OBJC_MSGSEND = YES;
				GCC_C_LANGUAGE_STANDARD = gnu11;
				GCC_NO_COMMON_BLOCKS = YES;
				GCC_WARN_64_TO_32_BIT_CONVERSION = YES;
				GCC_WARN_ABOUT_RETURN_TYPE = YES_ERROR;
				GCC_WARN_UNDECLARED_SELECTOR = YES;
				GCC_WARN_UNINITIALIZED_AUTOS = YES_AGGRESSIVE;
				GCC_WARN_UNUSED_FUNCTION = YES;
				GCC_WARN_UNUSED_VARIABLE = YES;
				IPHONEOS_DEPLOYMENT_TARGET = 11.0;
				MTL_ENABLE_DEBUG_INFO = NO;
				SDKROOT = iphoneos;
				SWIFT_OPTIMIZATION_LEVEL = "-Owholemodule";
				VALIDATE_PRODUCT = YES;
			};
			name = Release;
		};
		2BF6B0D81F4A62F30065D3CF /* Debug */ = {
			isa = XCBuildConfiguration;
			buildSettings = {
				ASSETCATALOG_COMPILER_APPICON_NAME = AppIcon;
				DEVELOPMENT_TEAM = 3QWLM3AJU4;
				INFOPLIST_FILE = "$(SRCROOT)/extensions/Application/Info.plist";
				IPHONEOS_DEPLOYMENT_TARGET = 10.3;
				LD_RUNPATH_SEARCH_PATHS = "$(inherited) @executable_path/Frameworks";
				PRODUCT_BUNDLE_IDENTIFIER = wesley.cheng.extensions;
				PRODUCT_NAME = "$(TARGET_NAME)";
				SWIFT_VERSION = 4.0;
				TARGETED_DEVICE_FAMILY = "1,2";
			};
			name = Debug;
		};
		2BF6B0D91F4A62F30065D3CF /* Release */ = {
			isa = XCBuildConfiguration;
			buildSettings = {
				ASSETCATALOG_COMPILER_APPICON_NAME = AppIcon;
				DEVELOPMENT_TEAM = 3QWLM3AJU4;
				INFOPLIST_FILE = "$(SRCROOT)/extensions/Application/Info.plist";
				IPHONEOS_DEPLOYMENT_TARGET = 10.3;
				LD_RUNPATH_SEARCH_PATHS = "$(inherited) @executable_path/Frameworks";
				PRODUCT_BUNDLE_IDENTIFIER = wesley.cheng.extensions;
				PRODUCT_NAME = "$(TARGET_NAME)";
				SWIFT_VERSION = 4.0;
				TARGETED_DEVICE_FAMILY = "1,2";
			};
			name = Release;
		};
/* End XCBuildConfiguration section */

/* Begin XCConfigurationList section */
		2BF6B0C01F4A62F30065D3CF /* Build configuration list for PBXProject "extensions" */ = {
			isa = XCConfigurationList;
			buildConfigurations = (
				2BF6B0D51F4A62F30065D3CF /* Debug */,
				2BF6B0D61F4A62F30065D3CF /* Release */,
			);
			defaultConfigurationIsVisible = 0;
			defaultConfigurationName = Release;
		};
		2BF6B0D71F4A62F30065D3CF /* Build configuration list for PBXNativeTarget "extensions" */ = {
			isa = XCConfigurationList;
			buildConfigurations = (
				2BF6B0D81F4A62F30065D3CF /* Debug */,
				2BF6B0D91F4A62F30065D3CF /* Release */,
			);
			defaultConfigurationIsVisible = 0;
			defaultConfigurationName = Release;
		};
/* End XCConfigurationList section */
	};
	rootObject = 2BF6B0BD1F4A62F30065D3CF /* Project object */;
}
